github.com/mls-361/buffer v0.0.0-20210214143923-2dc8b703831b h1:idkigFFk06uq8KDZjfmrIj2qXYO4F466ZHrKkA8Ak8E=
github.com/mls-361/buffer v0.0.0-20210214143923-2dc8b703831b/go.mod h1:skxL3BFTFnQe9Z8QD8DpEygWzVGTlcRPWc3tcQgRDRY=
github.com/mls-361/failure v0.0.0-20210214150656-bf33513ce561 h1:KMNRnoFBAQT3GACQG8USlKWLgkGt6iG7xgYH2fbpwJc=
github.com/mls-361/failure v0.0.0-20210214150656-bf33513ce561/go.mod h1:BWQr6RZOwoWz8xbSaQ/UDhncmL+diACBTHa1CEYLfSA=
github.com/mls-361/logfmt v0.0.0-20210214150102-dc79140262f2 h1:Zt6lQ5jFV60/7KuP2zqgI1kCOhXsoUmwfANYR/5vtTM=
github.com/mls-361/logfmt v0.0.0-20210214150102-dc79140262f2/go.mod h1:DKp8pWoA93y8WBQiSR0KDpNsE2rAioxfQNL+rLcKslU=
github.com/mls-361/logger v0.0.0-20210309090927-4beb5f07ee1e h1:5JD3dVBYBr+I5T8hdO5s+h1h02TE3onnir933mu6Ch4=
github.com/mls-361/logger v0.0.0-20210309090927-4beb5f07ee1e/go.mod h1:O6F5h4lQmMgCunbbXYNxYoQXdjc7lPQKKN0NlB8NToo=
golang.org/x/crypto v0.0.0-20190308221718-c2843e01d9a2/go.mod h1:djNgcEr1/C05ACkg1iLfiJU5Ep61QUkGW8qpdssI0+w=
golang.org/x/crypto v0.0.0-20210220033148-5ea612d1eb83 h1:/ZScEX8SfEmUGRHs0gxpqteO5nfNW6axyZbBdw9A12g=
golang.org/x/crypto v0.0.0-20210220033148-5ea612d1eb83/go.mod h1:jdWPYTVW3xRLrWPugEBEK3UY2ZEsg3UU495nc5E+M+I=
golang.org/x/net v0.0.0-20190404232315-eb5bcb51f2a3/go.mod h1:t9HGtf8HONx5eT2rtn7q6eTqICYqUVnKs3thJo3Qplg=
golang.org/x/sys v0.0.0-20190215142949-d0b11bdaac8a/go.mod h1:STP8DvDyc/dI5b8T5hshtkjS+E42TnysNCUPdjciGhY=
golang.org/x/sys v0.0.0-20191026070338-33540a1f6037/go.mod h1:h1NjWce9XRLGQEsW7wpKNCjG9DtNlClVuFLEZdDNbEs=
golang.org/x/sys v0.0.0-20210309074719-68d13333faf2/go.mod h1:h1NjWce9XRLGQEsW7wpKNCjG9DtNlClVuFLEZdDNbEs=
golang.org/x/term v0.0.0-20201117132131-f5c789dd3221/go.mod h1:Nr5EML6q2oocZ2LXRh80K7BxOlk5/8JxuGnuhpl+muw=
golang.org/x/text v0.3.0/go.mod h1:NqM8EUOU14njkJ3fqMW+pc6Ldnwhi/IjpwHt7yyuwOQ=
